
Microsoft Visual Studio Solution File, Format Version 12.00
# Visual Studio Version 16
VisualStudioVersion = 16.0.30114.105
MinimumVisualStudioVersion = 10.0.40219.1
Project("{FAE04EC0-301F-11D3-BF4B-00C04F79EFBC}") = "PaymentContext.Domain", "PaymentContext.Domain\PaymentContext.Domain.csproj", "{B990A71E-D1D0-457C-B5FA-798B19C4F0DB}"
EndProject
Project("{FAE04EC0-301F-11D3-BF4B-00C04F79EFBC}") = "PaymentContext.Shared", "PaymentContext.Shared\PaymentContext.Shared.csproj", "{F46ECA2A-B5B6-4E06-8AA8-5A505CEF9ABE}"
EndProject
Project("{FAE04EC0-301F-11D3-BF4B-00C04F79EFBC}") = "PaymentContext.Tests", "PaymentContext.Tests\PaymentContext.Tests.csproj", "{CAC5A9EA-B891-40DC-923C-241576B96F1E}"
EndProject
Global
	GlobalSection(SolutionConfigurationPlatforms) = preSolution
		Debug|Any CPU = Debug|Any CPU
		Debug|x64 = Debug|x64
		Debug|x86 = Debug|x86
		Release|Any CPU = Release|Any CPU
		Release|x64 = Release|x64
		Release|x86 = Release|x86
	EndGlobalSection
	GlobalSection(SolutionProperties) = preSolution
		HideSolutionNode = FALSE
	EndGlobalSection
	GlobalSection(ProjectConfigurationPlatforms) = postSolution
		{B990A71E-D1D0-457C-B5FA-798B19C4F0DB}.Debug|Any CPU.ActiveCfg = Debug|Any CPU
		{B990A71E-D1D0-457C-B5FA-798B19C4F0DB}.Debug|Any CPU.Build.0 = Debug|Any CPU
		{B990A71E-D1D0-457C-B5FA-798B19C4F0DB}.Debug|x64.ActiveCfg = Debug|Any CPU
		{B990A71E-D1D0-457C-B5FA-798B19C4F0DB}.Debug|x64.Build.0 = Debug|Any CPU
		{B990A71E-D1D0-457C-B5FA-798B19C4F0DB}.Debug|x86.ActiveCfg = Debug|Any CPU
		{B990A71E-D1D0-457C-B5FA-798B19C4F0DB}.Debug|x86.Build.0 = Debug|Any CPU
		{B990A71E-D1D0-457C-B5FA-798B19C4F0DB}.Release|Any CPU.ActiveCfg = Release|Any CPU
		{B990A71E-D1D0-457C-B5FA-798B19C4F0DB}.Release|Any CPU.Build.0 = Release|Any CPU
		{B990A71E-D1D0-457C-B5FA-798B19C4F0DB}.Release|x64.ActiveCfg = Release|Any CPU
		{B990A71E-D1D0-457C-B5FA-798B19C4F0DB}.Release|x64.Build.0 = Release|Any CPU
		{B990A71E-D1D0-457C-B5FA-798B19C4F0DB}.Release|x86.ActiveCfg = Release|Any CPU
		{B990A71E-D1D0-457C-B5FA-798B19C4F0DB}.Release|x86.Build.0 = Release|Any CPU
		{F46ECA2A-B5B6-4E06-8AA8-5A505CEF9ABE}.Debug|Any CPU.ActiveCfg = Debug|Any CPU
		{F46ECA2A-B5B6-4E06-8AA8-5A505CEF9ABE}.Debug|Any CPU.Build.0 = Debug|Any CPU
		{F46ECA2A-B5B6-4E06-8AA8-5A505CEF9ABE}.Debug|x64.ActiveCfg = Debug|Any CPU
		{F46ECA2A-B5B6-4E06-8AA8-5A505CEF9ABE}.Debug|x64.Build.0 = Debug|Any CPU
		{F46ECA2A-B5B6-4E06-8AA8-5A505CEF9ABE}.Debug|x86.ActiveCfg = Debug|Any CPU
		{F46ECA2A-B5B6-4E06-8AA8-5A505CEF9ABE}.Debug|x86.Build.0 = Debug|Any CPU
		{F46ECA2A-B5B6-4E06-8AA8-5A505CEF9ABE}.Release|Any CPU.ActiveCfg = Release|Any CPU
		{F46ECA2A-B5B6-4E06-8AA8-5A505CEF9ABE}.Release|Any CPU.Build.0 = Release|Any CPU
		{F46ECA2A-B5B6-4E06-8AA8-5A505CEF9ABE}.Release|x64.ActiveCfg = Release|Any CPU
		{F46ECA2A-B5B6-4E06-8AA8-5A505CEF9ABE}.Release|x64.Build.0 = Release|Any CPU
		{F46ECA2A-B5B6-4E06-8AA8-5A505CEF9ABE}.Release|x86.ActiveCfg = Release|Any CPU
		{F46ECA2A-B5B6-4E06-8AA8-5A505CEF9ABE}.Release|x86.Build.0 = Release|Any CPU
		{CAC5A9EA-B891-40DC-923C-241576B96F1E}.Debug|Any CPU.ActiveCfg = Debug|Any CPU
		{CAC5A9EA-B891-40DC-923C-241576B96F1E}.Debug|Any CPU.Build.0 = Debug|Any CPU
		{CAC5A9EA-B891-40DC-923C-241576B96F1E}.Debug|x64.ActiveCfg = Debug|Any CPU
		{CAC5A9EA-B891-40DC-923C-241576B96F1E}.Debug|x64.Build.0 = Debug|Any CPU
		{CAC5A9EA-B891-40DC-923C-241576B96F1E}.Debug|x86.ActiveCfg = Debug|Any CPU
		{CAC5A9EA-B891-40DC-923C-241576B96F1E}.Debug|x86.Build.0 = Debug|Any CPU
		{CAC5A9EA-B891-40DC-923C-241576B96F1E}.Release|Any CPU.ActiveCfg = Release|Any CPU
		{CAC5A9EA-B891-40DC-923C-241576B96F1E}.Release|Any CPU.Build.0 = Release|Any CPU
		{CAC5A9EA-B891-40DC-923C-241576B96F1E}.Release|x64.ActiveCfg = Release|Any CPU
		{CAC5A9EA-B891-40DC-923C-241576B96F1E}.Release|x64.Build.0 = Release|Any CPU
		{CAC5A9EA-B891-40DC-923C-241576B96F1E}.Release|x86.ActiveCfg = Release|Any CPU
		{CAC5A9EA-B891-40DC-923C-241576B96F1E}.Release|x86.Build.0 = Release|Any CPU
	EndGlobalSection
EndGlobal
